
Microsoft Visual Studio Solution File, Format Version 12.00
# Visual Studio Version 17
VisualStudioVersion = 17.8.34322.80
MinimumVisualStudioVersion = 10.0.40219.1
Project("{F184B08F-C81C-45F6-A57F-5ABD9991F28F}") = "3.list boxes.sln", "3.list boxes.sln.vbproj", "{5082189C-5685-4A55-8817-273F1B260262}"
EndProject
Global
	GlobalSection(SolutionConfigurationPlatforms) = preSolution
		Debug|Any CPU = Debug|Any CPU
		Release|Any CPU = Release|Any CPU
	EndGlobalSection
	GlobalSection(ProjectConfigurationPlatforms) = postSolution
		{5082189C-5685-4A55-8817-273F1B260262}.Debug|Any CPU.ActiveCfg = Debug|Any CPU
		{5082189C-5685-4A55-8817-273F1B260262}.Debug|Any CPU.Build.0 = Debug|Any CPU
		{5082189C-5685-4A55-8817-273F1B260262}.Release|Any CPU.ActiveCfg = Release|Any CPU
		{5082189C-5685-4A55-8817-273F1B260262}.Release|Any CPU.Build.0 = Release|Any CPU
	EndGlobalSection
	GlobalSection(SolutionProperties) = preSolution
		HideSolutionNode = FALSE
	EndGlobalSection
	GlobalSection(ExtensibilityGlobals) = postSolution
		SolutionGuid = {EAC222F2-8841-4387-BBF3-BDB45D616850}
	EndGlobalSection
EndGlobal
